
Microsoft Visual Studio Solution File, Format Version 12.00
# Visual Studio Version 16
VisualStudioVersion = 16.0.29201.188
MinimumVisualStudioVersion = 10.0.40219.1
Project("{8BC9CEB8-8B4A-11D0-8D11-00A0C91BC942}") = "hitbox overlay", "hitbox overlay\hitbox overlay.vcxproj", "{0F14E1BC-A90B-4C0A-BD15-D6690E35909C}"
EndProject
Project("{8BC9CEB8-8B4A-11D0-8D11-00A0C91BC942}") = "dll_loader", "..\dll_loader\dll_loader\dll_loader.vcxproj", "{B44CCB5A-CE43-41E6-9E38-854C8F32E97E}"
EndProject
Global
	GlobalSection(SolutionConfigurationPlatforms) = preSolution
		Debug|x64 = Debug|x64
		Debug|x86 = Debug|x86
		Release|x64 = Release|x64
		Release|x86 = Release|x86
	EndGlobalSection
	GlobalSection(ProjectConfigurationPlatforms) = postSolution
		{0F14E1BC-A90B-4C0A-BD15-D6690E35909C}.Debug|x64.ActiveCfg = Debug|x64
		{0F14E1BC-A90B-4C0A-BD15-D6690E35909C}.Debug|x64.Build.0 = Debug|x64
		{0F14E1BC-A90B-4C0A-BD15-D6690E35909C}.Debug|x86.ActiveCfg = Debug|Win32
		{0F14E1BC-A90B-4C0A-BD15-D6690E35909C}.Debug|x86.Build.0 = Debug|Win32
		{0F14E1BC-A90B-4C0A-BD15-D6690E35909C}.Release|x64.ActiveCfg = Release|x64
		{0F14E1BC-A90B-4C0A-BD15-D6690E35909C}.Release|x64.Build.0 = Release|x64
		{0F14E1BC-A90B-4C0A-BD15-D6690E35909C}.Release|x86.ActiveCfg = Release|Win32
		{0F14E1BC-A90B-4C0A-BD15-D6690E35909C}.Release|x86.Build.0 = Release|Win32
		{B44CCB5A-CE43-41E6-9E38-854C8F32E97E}.Debug|x64.ActiveCfg = Debug|x64
		{B44CCB5A-CE43-41E6-9E38-854C8F32E97E}.Debug|x64.Build.0 = Debug|x64
		{B44CCB5A-CE43-41E6-9E38-854C8F32E97E}.Debug|x86.ActiveCfg = Debug|Win32
		{B44CCB5A-CE43-41E6-9E38-854C8F32E97E}.Debug|x86.Build.0 = Debug|Win32
		{B44CCB5A-CE43-41E6-9E38-854C8F32E97E}.Release|x64.ActiveCfg = Release|x64
		{B44CCB5A-CE43-41E6-9E38-854C8F32E97E}.Release|x64.Build.0 = Release|x64
		{B44CCB5A-CE43-41E6-9E38-854C8F32E97E}.Release|x86.ActiveCfg = Release|Win32
		{B44CCB5A-CE43-41E6-9E38-854C8F32E97E}.Release|x86.Build.0 = Release|Win32
	EndGlobalSection
	GlobalSection(SolutionProperties) = preSolution
		HideSolutionNode = FALSE
	EndGlobalSection
	GlobalSection(ExtensibilityGlobals) = postSolution
		SolutionGuid = {EE84431C-F183-4368-8E27-9FAB3695D30F}
	EndGlobalSection
EndGlobal
